{
  "name": "realtime_chat_app",
  "version": "1.0.0",
  "lockfileVersion": 3,
  "requires": true,
  "packages": {
    "": {
      "name": "realtime_chat_app",
      "version": "1.0.0",
      "license": "ISC",
      "dependencies": {
        "realtime_chat_app": "file:"
      }
    },
    "node_modules/realtime_chat_app": {
      "resolved": "",
      "link": true
    }
  }
}
